
Microsoft Visual Studio Solution File, Format Version 12.00
# Visual Studio Version 16
VisualStudioVersion = 16.0.31624.102
MinimumVisualStudioVersion = 10.0.40219.1
Project("{FAE04EC0-301F-11D3-BF4B-00C04F79EFBC}") = "AthleteLibrary", "AthleteLibrary\AthleteLibrary.csproj", "{1252002D-25BD-42A7-BDCC-4CB48B431518}"
EndProject
Project("{FAE04EC0-301F-11D3-BF4B-00C04F79EFBC}") = "AthleteAPI", "AthleteAPI\AthleteAPI.csproj", "{C17787D3-865D-4CFF-B579-0BE7B50439D3}"
EndProject
Project("{FAE04EC0-301F-11D3-BF4B-00C04F79EFBC}") = "OlympicAthletesTest", "OlympicAthletesTest\OlympicAthletesTest.csproj", "{D9C1EA2D-8C4D-47CE-BC5A-4C765BAF1B82}"
EndProject
Global
	GlobalSection(SolutionConfigurationPlatforms) = preSolution
		Debug|Any CPU = Debug|Any CPU
		Release|Any CPU = Release|Any CPU
	EndGlobalSection
	GlobalSection(ProjectConfigurationPlatforms) = postSolution
		{1252002D-25BD-42A7-BDCC-4CB48B431518}.Debug|Any CPU.ActiveCfg = Debug|Any CPU
		{1252002D-25BD-42A7-BDCC-4CB48B431518}.Debug|Any CPU.Build.0 = Debug|Any CPU
		{1252002D-25BD-42A7-BDCC-4CB48B431518}.Release|Any CPU.ActiveCfg = Release|Any CPU
		{1252002D-25BD-42A7-BDCC-4CB48B431518}.Release|Any CPU.Build.0 = Release|Any CPU
		{C17787D3-865D-4CFF-B579-0BE7B50439D3}.Debug|Any CPU.ActiveCfg = Debug|Any CPU
		{C17787D3-865D-4CFF-B579-0BE7B50439D3}.Debug|Any CPU.Build.0 = Debug|Any CPU
		{C17787D3-865D-4CFF-B579-0BE7B50439D3}.Release|Any CPU.ActiveCfg = Release|Any CPU
		{C17787D3-865D-4CFF-B579-0BE7B50439D3}.Release|Any CPU.Build.0 = Release|Any CPU
		{D9C1EA2D-8C4D-47CE-BC5A-4C765BAF1B82}.Debug|Any CPU.ActiveCfg = Debug|Any CPU
		{D9C1EA2D-8C4D-47CE-BC5A-4C765BAF1B82}.Debug|Any CPU.Build.0 = Debug|Any CPU
		{D9C1EA2D-8C4D-47CE-BC5A-4C765BAF1B82}.Release|Any CPU.ActiveCfg = Release|Any CPU
		{D9C1EA2D-8C4D-47CE-BC5A-4C765BAF1B82}.Release|Any CPU.Build.0 = Release|Any CPU
	EndGlobalSection
	GlobalSection(SolutionProperties) = preSolution
		HideSolutionNode = FALSE
	EndGlobalSection
	GlobalSection(ExtensibilityGlobals) = postSolution
		SolutionGuid = {3D67B121-834A-442C-A16B-0957CD957C4C}
	EndGlobalSection
EndGlobal
